
Microsoft Visual Studio Solution File, Format Version 12.00
Project("{FAE04EC0-301F-11D3-BF4B-00C04F79EFBC}") = "ClassLibrary1", "ClassLibrary1\ClassLibrary1.csproj", "{EAD6178A-7C65-468B-A7B7-2AD6A031250F}"
EndProject
Global
	GlobalSection(SolutionConfigurationPlatforms) = preSolution
		Debug|Any CPU = Debug|Any CPU
		Release|Any CPU = Release|Any CPU
	EndGlobalSection
	GlobalSection(ProjectConfigurationPlatforms) = postSolution
		{EAD6178A-7C65-468B-A7B7-2AD6A031250F}.Debug|Any CPU.ActiveCfg = Debug|Any CPU
		{EAD6178A-7C65-468B-A7B7-2AD6A031250F}.Debug|Any CPU.Build.0 = Debug|Any CPU
		{EAD6178A-7C65-468B-A7B7-2AD6A031250F}.Release|Any CPU.ActiveCfg = Release|Any CPU
		{EAD6178A-7C65-468B-A7B7-2AD6A031250F}.Release|Any CPU.Build.0 = Release|Any CPU
	EndGlobalSection
EndGlobal
